{
  "version": 4,
  "terraform_version": "1.5.7",
  "serial": 42,
  "lineage": "9e8df475-7198-b4b1-f995-8d813d970e49",
  "outputs": {
    "artifact_registry_url": {
      "value": "us-central1-docker.pkg.dev/jack-snyk-demo/bookshelf-mvp",
      "type": "string"
    },
    "cluster_endpoint": {
      "value": "34.16.105.4",
      "type": "string"
    },
    "cluster_location": {
      "value": "us-central1",
      "type": "string"
    },
    "cluster_name": {
      "value": "bookshelf-mvp-cluster",
      "type": "string"
    },
    "database_connection_name": {
      "value": "jack-snyk-demo:us-central1:bookshelf-mvp-db",
      "type": "string"
    },
    "database_instance_name": {
      "value": "bookshelf-mvp-db",
      "type": "string"
    },
    "database_private_ip": {
      "value": "172.22.0.3",
      "type": "string"
    },
    "database_public_ip": {
      "value": "34.31.214.193",
      "type": "string"
    },
    "project_id": {
      "value": "jack-snyk-demo",
      "type": "string"
    },
    "region": {
      "value": "us-central1",
      "type": "string"
    }
  },
  "resources": [
    {
      "mode": "managed",
      "type": "google_artifact_registry_repository",
      "name": "bookshelf_repo",
      "provider": "provider[\"registry.terraform.io/hashicorp/google\"]",
      "instances": [
        {
          "schema_version": 0,
          "attributes": {
            "cleanup_policies": [],
            "cleanup_policy_dry_run": false,
            "create_time": "2025-09-15T03:06:09.472958Z",
            "description": "Docker repository for bookshelf MVP",
            "docker_config": [],
            "effective_labels": {},
            "format": "DOCKER",
            "id": "projects/jack-snyk-demo/locations/us-central1/repositories/bookshelf-mvp",
            "kms_key_name": "",
            "labels": {},
            "location": "us-central1",
            "maven_config": [],
            "mode": "STANDARD_REPOSITORY",
            "name": "bookshelf-mvp",
            "project": "jack-snyk-demo",
            "remote_repository_config": [],
            "repository_id": "bookshelf-mvp",
            "terraform_labels": {},
            "timeouts": null,
            "update_time": "2025-09-15T15:03:25.355486Z",
            "virtual_repository_config": []
          },
          "sensitive_attributes": [],
          "private": "eyJlMmJmYjczMC1lY2FhLTExZTYtOGY4OC0zNDM2M2JjN2M0YzAiOnsiY3JlYXRlIjoxMjAwMDAwMDAwMDAwLCJkZWxldGUiOjEyMDAwMDAwMDAwMDAsInVwZGF0ZSI6MTIwMDAwMDAwMDAwMH0sInNjaGVtYV92ZXJzaW9uIjoiMCJ9",
          "dependencies": [
            "google_project_service.artifact_registry_api"
          ]
        }
      ]
    },
    {
      "mode": "managed",
      "type": "google_compute_global_address",
      "name": "private_ip_alloc",
      "provider": "provider[\"registry.terraform.io/hashicorp/google\"]",
      "instances": [
        {
          "schema_version": 0,
          "attributes": {
            "address": "172.22.0.0",
            "address_type": "INTERNAL",
            "creation_timestamp": "2025-09-15T09:13:06.641-07:00",
            "description": "",
            "effective_labels": {},
            "id": "projects/jack-snyk-demo/global/addresses/bookshelf-private-ip",
            "ip_version": "",
            "label_fingerprint": "42WmSpB8rSM=",
            "labels": {},
            "name": "bookshelf-private-ip",
            "network": "https://www.googleapis.com/compute/v1/projects/jack-snyk-demo/global/networks/bookshelf-mvp-vpc",
            "prefix_length": 16,
            "project": "jack-snyk-demo",
            "purpose": "VPC_PEERING",
            "self_link": "https://www.googleapis.com/compute/v1/projects/jack-snyk-demo/global/addresses/bookshelf-private-ip",
            "terraform_labels": {},
            "timeouts": null
          },
          "sensitive_attributes": [],
          "private": "eyJlMmJmYjczMC1lY2FhLTExZTYtOGY4OC0zNDM2M2JjN2M0YzAiOnsiY3JlYXRlIjoxMjAwMDAwMDAwMDAwLCJkZWxldGUiOjEyMDAwMDAwMDAwMDAsInVwZGF0ZSI6MTIwMDAwMDAwMDAwMH19",
          "dependencies": [
            "google_compute_network.bookshelf_vpc"
          ]
        }
      ]
    },
    {
      "mode": "managed",
      "type": "google_compute_network",
      "name": "bookshelf_vpc",
      "provider": "provider[\"registry.terraform.io/hashicorp/google\"]",
      "instances": [
        {
          "schema_version": 0,
          "attributes": {
            "auto_create_subnetworks": false,
            "delete_default_routes_on_create": false,
            "description": "",
            "enable_ula_internal_ipv6": false,
            "gateway_ipv4": "",
            "id": "projects/jack-snyk-demo/global/networks/bookshelf-mvp-vpc",
            "internal_ipv6_range": "",
            "mtu": 0,
            "name": "bookshelf-mvp-vpc",
            "network_firewall_policy_enforcement_order": "AFTER_CLASSIC_FIREWALL",
            "numeric_id": "3385308833678769275",
            "project": "jack-snyk-demo",
            "routing_mode": "REGIONAL",
            "self_link": "https://www.googleapis.com/compute/v1/projects/jack-snyk-demo/global/networks/bookshelf-mvp-vpc",
            "timeouts": null
          },
          "sensitive_attributes": [],
          "private": "eyJlMmJmYjczMC1lY2FhLTExZTYtOGY4OC0zNDM2M2JjN2M0YzAiOnsiY3JlYXRlIjoxMjAwMDAwMDAwMDAwLCJkZWxldGUiOjEyMDAwMDAwMDAwMDAsInVwZGF0ZSI6MTIwMDAwMDAwMDAwMH0sInNjaGVtYV92ZXJzaW9uIjoiMCJ9"
        }
      ]
    },
    {
      "mode": "managed",
      "type": "google_compute_subnetwork",
      "name": "bookshelf_subnet",
      "provider": "provider[\"registry.terraform.io/hashicorp/google\"]",
      "instances": [
        {
          "schema_version": 0,
          "attributes": {
            "creation_timestamp": "2025-09-14T20:06:08.053-07:00",
            "description": "",
            "external_ipv6_prefix": "",
            "fingerprint": null,
            "gateway_address": "10.0.0.1",
            "id": "projects/jack-snyk-demo/regions/us-central1/subnetworks/bookshelf-mvp-subnet",
            "internal_ipv6_prefix": "",
            "ip_cidr_range": "10.0.0.0/16",
            "ipv6_access_type": "",
            "ipv6_cidr_range": "",
            "log_config": [],
            "name": "bookshelf-mvp-subnet",
            "network": "https://www.googleapis.com/compute/v1/projects/jack-snyk-demo/global/networks/bookshelf-mvp-vpc",
            "private_ip_google_access": true,
            "private_ipv6_google_access": "DISABLE_GOOGLE_ACCESS",
            "project": "jack-snyk-demo",
            "purpose": "PRIVATE",
            "region": "us-central1",
            "role": "",
            "secondary_ip_range": [
              {
                "ip_cidr_range": "10.1.0.0/16",
                "range_name": "pods"
              },
              {
                "ip_cidr_range": "10.2.0.0/16",
                "range_name": "services"
              }
            ],
            "self_link": "https://www.googleapis.com/compute/v1/projects/jack-snyk-demo/regions/us-central1/subnetworks/bookshelf-mvp-subnet",
            "send_secondary_ip_range_if_empty": null,
            "stack_type": "IPV4_ONLY",
            "timeouts": null
          },
          "sensitive_attributes": [],
          "private": "eyJlMmJmYjczMC1lY2FhLTExZTYtOGY4OC0zNDM2M2JjN2M0YzAiOnsiY3JlYXRlIjoxMjAwMDAwMDAwMDAwLCJkZWxldGUiOjEyMDAwMDAwMDAwMDAsInVwZGF0ZSI6MTIwMDAwMDAwMDAwMH0sInNjaGVtYV92ZXJzaW9uIjoiMCJ9",
          "dependencies": [
            "google_compute_network.bookshelf_vpc"
          ]
        }
      ]
    },
    {
      "mode": "managed",
      "type": "google_container_cluster",
      "name": "bookshelf_cluster",
      "provider": "provider[\"registry.terraform.io/hashicorp/google\"]",
      "instances": [
        {
          "schema_version": 2,
          "attributes": {
            "addons_config": [
              {
                "cloudrun_config": [],
                "config_connector_config": [],
                "dns_cache_config": [],
                "gce_persistent_disk_csi_driver_config": [
                  {
                    "enabled": true
                  }
                ],
                "gcp_filestore_csi_driver_config": [],
                "gcs_fuse_csi_driver_config": [],
                "gke_backup_agent_config": [],
                "horizontal_pod_autoscaling": [],
                "http_load_balancing": [],
                "network_policy_config": [
                  {
                    "disabled": true
                  }
                ],
                "ray_operator_config": [],
                "stateful_ha_config": []
              }
            ],
            "allow_net_admin": null,
            "authenticator_groups_config": [],
            "binary_authorization": [
              {
                "enabled": false,
                "evaluation_mode": ""
              }
            ],
            "cluster_autoscaling": [
              {
                "auto_provisioning_defaults": [],
                "auto_provisioning_locations": [],
                "autoscaling_profile": "BALANCED",
                "enabled": false,
                "resource_limits": []
              }
            ],
            "cluster_ipv4_cidr": "10.1.0.0/16",
            "confidential_nodes": [],
            "cost_management_config": [],
            "database_encryption": [
              {
                "key_name": "",
                "state": "DECRYPTED"
              }
            ],
            "datapath_provider": "",
            "default_max_pods_per_node": 110,
            "default_snat_status": [
              {
                "disabled": false
              }
            ],
            "deletion_protection": false,
            "description": "",
            "dns_config": [],
            "enable_autopilot": false,
            "enable_cilium_clusterwide_network_policy": false,
            "enable_intranode_visibility": false,
            "enable_k8s_beta_apis": [],
            "enable_kubernetes_alpha": false,
            "enable_l4_ilb_subsetting": false,
            "enable_legacy_abac": false,
            "enable_multi_networking": false,
            "enable_shielded_nodes": true,
            "enable_tpu": false,
            "endpoint": "34.16.105.4",
            "fleet": [],
            "gateway_api_config": [],
            "id": "projects/jack-snyk-demo/locations/us-central1/clusters/bookshelf-mvp-cluster",
            "identity_service_config": [],
            "initial_node_count": 1,
            "ip_allocation_policy": [
              {
                "additional_pod_ranges_config": [],
                "cluster_ipv4_cidr_block": "10.1.0.0/16",
                "cluster_secondary_range_name": "pods",
                "pod_cidr_overprovision_config": [
                  {
                    "disabled": false
                  }
                ],
                "services_ipv4_cidr_block": "10.2.0.0/16",
                "services_secondary_range_name": "services",
                "stack_type": "IPV4"
              }
            ],
            "label_fingerprint": "a9dc16a7",
            "location": "us-central1",
            "logging_config": [
              {
                "enable_components": [
                  "SYSTEM_COMPONENTS",
                  "WORKLOADS"
                ]
              }
            ],
            "logging_service": "logging.googleapis.com/kubernetes",
            "maintenance_policy": [],
            "master_auth": [
              {
                "client_certificate": "",
                "client_certificate_config": [
                  {
                    "issue_client_certificate": false
                  }
                ],
                "client_key": "",
                "cluster_ca_certificate": "LS0tLS1CRUdJTiBDRVJUSUZJQ0FURS0tLS0tCk1JSUVMVENDQXBXZ0F3SUJBZ0lSQU5qRmFZODE5SThrNTErYjlXUXFyNnd3RFFZSktvWklodmNOQVFFTEJRQXcKTHpFdE1Dc0dBMVVFQXhNa09HUTVZV1F5Wm1JdE5UWmxaUzAwTVRZMExXSmlaak10TjJNeE5ETTNZbU0yTmpBNApNQ0FYRFRJMU1Ea3hOVEF5TURZek0xb1lEekl3TlRVd09UQTRNRE13TmpNeldqQXZNUzB3S3dZRFZRUURFeVE0ClpEbGhaREptWWkwMU5tVmxMVFF4TmpRdFltSm1NeTAzWXpFME16ZGlZelkyTURnd2dnR2lNQTBHQ1NxR1NJYjMKRFFFQkFRVUFBNElCandBd2dnR0tBb0lCZ1FDVysxOHR4RmhSdFUzTGd2OEdmc0tTWSs1MzE0cTlhblBhWUZraApaV255a08rWUcwTU1nNFArUDAzYkJMeTFFWUovUklYNnl6R3JEWHBGVUNSV2d2Z3pSSDREeGliRk82SjBNRms5CnNXK2cyYlNJenZ0Yk1GenRoNDNYdjM0eC9MMHJZKzVaMEU0dFFxUWRweXFHUUY3YW9CRGQ0c2w4cWtSais0Z0wKZTUrNi8vc0ZnMHdyRVRROHkwY1pXUTdJeUJLZFY1VC9uemcvemVXdmtuNUwzZUJMYmpISGRqa2hKN2RtLzBZZApiZmZmdkZ0UVNNdnZMcnFKM2NlVE5qU3UwNXUxdHFud3hzVjc0OFI1NXRYL1g5Skc2M0xEU2REOVNsaFBIVGQ5CnhPekZzNndRQnV1ai9VSjV5anVCR3czaC9jWVdkZzNxQVFkZmY4RkpnRjlUWlVYUGJIOTFpSGFhbTgraXA1TnUKRExRankyYmRpR2dKNklUdTl2bVdHN0pNcHlqYkladU1sN0dxRnd0RzF2emJNdjYwWXlCVTBpV3c2dktSOFRWMQp6SWFjUjdWV2ZxcVluODdacTU1OTd2VzJBS0xKTGxwMFlHRHVCZnV1eEs3UUJQdXIvdTRvaVpCS0MwTEdxTXlZCjN2TWxwRmhxYi92RmxBck1vTW4rT09VS1FEc0NBd0VBQWFOQ01FQXdEZ1lEVlIwUEFRSC9CQVFEQWdJRU1BOEcKQTFVZEV3RUIvd1FGTUFNQkFmOHdIUVlEVlIwT0JCWUVGSGRoRGdGSUdyVWNNZkI3ZW1hdCtPYVRVRlgxTUEwRwpDU3FHU0liM0RRRUJDd1VBQTRJQmdRQkhtbWgwWW5WVlU3Vml0UWlZK3BEQ1BKN1BlaXY4WHZCWTU2Tms4Z0xNCm16L1c2a05Vdi9Zc3Z5N2N1cHpWbGhBbmRzMFZIaDJMZzJ2b1pMTCtYNVFhb1Y1S3IzNkRQWWNOL01tTVVkNWMKcjdXKzNtZjBxNUk4YzExNGI3OFBHY3QrOHBDR2dzMm1xc3Y2cGRqN2hGSWU1VThYbmFWbDFaWGZSdEFRREFOWAp1bUJrZTVPU1krYWcvMHV1ZCtLSVBzcHIzTFV1YmRGV2pOblpCRnkvL0VSUVNwMDEyVEEyemZ3MGZxVGl1Y1JaCk5jTFhqaXVwdVQveXlZcGpBR3RuNjZCeWxWRkZwRGYxNTR2dHBPQ1dUNFEyRXFGendKdEJWQy91Wnk0SWQzaWUKTnZvZGpla2x3QkxGYVQrRk9oRTQ2cHFDbUxqNnVubi9mdHNsMElZZElnbGRCWHVNdVlkVzFtS2p5bGg4cTNpZApUcTh4V3VMTVhvV051ZjlNUzVuMUNkRGhOWG9UR1l1NjdlUTdNVVNvK3QvaVZtaGo1bUJyc2V2cnFZWXgvQUZVCjlLOXF1RWkrV2hwU3d0Z09CUnNjSXVjSHJoNkdZV1FyS0hpRi9nYlUxaEIrTlV5Qk9kYWNCbE5qMFBDVkVKcUEKRG5IMTVSRnBvWER1UmZ0RkdUVFEyQk09Ci0tLS0tRU5EIENFUlRJRklDQVRFLS0tLS0K"
              }
            ],
            "master_authorized_networks_config": [],
            "master_version": "1.33.4-gke.1036000",
            "mesh_certificates": [],
            "min_master_version": null,
            "monitoring_config": [
              {
                "advanced_datapath_observability_config": [
                  {
                    "enable_metrics": false,
                    "enable_relay": false,
                    "relay_mode": "DISABLED"
                  }
                ],
                "enable_components": [
                  "SYSTEM_COMPONENTS",
                  "STORAGE",
                  "HPA",
                  "POD",
                  "DAEMONSET",
                  "DEPLOYMENT",
                  "STATEFULSET",
                  "JOBSET",
                  "KUBELET",
                  "CADVISOR",
                  "DCGM"
                ],
                "managed_prometheus": [
                  {
                    "enabled": true
                  }
                ]
              }
            ],
            "monitoring_service": "monitoring.googleapis.com/kubernetes",
            "name": "bookshelf-mvp-cluster",
            "network": "projects/jack-snyk-demo/global/networks/bookshelf-mvp-vpc",
            "network_policy": [
              {
                "enabled": false,
                "provider": "PROVIDER_UNSPECIFIED"
              }
            ],
            "networking_mode": "VPC_NATIVE",
            "node_config": [
              {
                "advanced_machine_features": [],
                "boot_disk_kms_key": "",
                "confidential_nodes": [],
                "containerd_config": [],
                "disk_size_gb": 100,
                "disk_type": "pd-balanced",
                "effective_taints": [],
                "enable_confidential_storage": false,
                "ephemeral_storage_local_ssd_config": [],
                "fast_socket": [],
                "gcfs_config": [],
                "guest_accelerator": [],
                "gvnic": [],
                "host_maintenance_policy": [],
                "image_type": "COS_CONTAINERD",
                "kubelet_config": [
                  {
                    "cpu_cfs_quota": false,
                    "cpu_cfs_quota_period": "",
                    "cpu_manager_policy": "",
                    "insecure_kubelet_readonly_port_enabled": "FALSE",
                    "pod_pids_limit": 0
                  }
                ],
                "labels": {
                  "environment": "production"
                },
                "linux_node_config": [],
                "local_nvme_ssd_block_config": [],
                "local_ssd_count": 0,
                "logging_variant": "DEFAULT",
                "machine_type": "e2-small",
                "metadata": {
                  "disable-legacy-endpoints": "true"
                },
                "min_cpu_platform": "",
                "node_group": "",
                "oauth_scopes": [
                  "https://www.googleapis.com/auth/cloud-platform"
                ],
                "preemptible": true,
                "reservation_affinity": [],
                "resource_labels": {
                  "goog-gke-node-pool-provisioning-model": "spot"
                },
                "resource_manager_tags": {},
                "secondary_boot_disks": [],
                "service_account": "bookshelf-mvp-gke-sa@jack-snyk-demo.iam.gserviceaccount.com",
                "shielded_instance_config": [
                  {
                    "enable_integrity_monitoring": true,
                    "enable_secure_boot": false
                  }
                ],
                "sole_tenant_config": [],
                "spot": false,
                "tags": [
                  "bookshelf-mvp"
                ],
                "taint": [],
                "workload_metadata_config": []
              }
            ],
            "node_locations": [
              "us-central1-a",
              "us-central1-b",
              "us-central1-c"
            ],
            "node_pool": [
              {
                "autoscaling": [],
                "initial_node_count": 1,
                "instance_group_urls": [
                  "https://www.googleapis.com/compute/v1/projects/jack-snyk-demo/zones/us-central1-a/instanceGroupManagers/gke-bookshelf-mvp-cl-bookshelf-mvp-no-d98e55f2-grp",
                  "https://www.googleapis.com/compute/v1/projects/jack-snyk-demo/zones/us-central1-b/instanceGroupManagers/gke-bookshelf-mvp-cl-bookshelf-mvp-no-3f009688-grp",
                  "https://www.googleapis.com/compute/v1/projects/jack-snyk-demo/zones/us-central1-c/instanceGroupManagers/gke-bookshelf-mvp-cl-bookshelf-mvp-no-35ee32d3-grp"
                ],
                "managed_instance_group_urls": [
                  "https://www.googleapis.com/compute/v1/projects/jack-snyk-demo/zones/us-central1-a/instanceGroups/gke-bookshelf-mvp-cl-bookshelf-mvp-no-d98e55f2-grp",
                  "https://www.googleapis.com/compute/v1/projects/jack-snyk-demo/zones/us-central1-b/instanceGroups/gke-bookshelf-mvp-cl-bookshelf-mvp-no-3f009688-grp",
                  "https://www.googleapis.com/compute/v1/projects/jack-snyk-demo/zones/us-central1-c/instanceGroups/gke-bookshelf-mvp-cl-bookshelf-mvp-no-35ee32d3-grp"
                ],
                "management": [
                  {
                    "auto_repair": true,
                    "auto_upgrade": true
                  }
                ],
                "max_pods_per_node": 110,
                "name": "bookshelf-mvp-nodes",
                "name_prefix": "",
                "network_config": [
                  {
                    "additional_node_network_configs": [],
                    "additional_pod_network_configs": [],
                    "create_pod_range": false,
                    "enable_private_nodes": false,
                    "network_performance_config": [],
                    "pod_cidr_overprovision_config": [],
                    "pod_ipv4_cidr_block": "10.1.0.0/16",
                    "pod_range": "pods"
                  }
                ],
                "node_config": [
                  {
                    "advanced_machine_features": [],
                    "boot_disk_kms_key": "",
                    "confidential_nodes": [],
                    "containerd_config": [],
                    "disk_size_gb": 100,
                    "disk_type": "pd-balanced",
                    "effective_taints": [],
                    "enable_confidential_storage": false,
                    "ephemeral_storage_local_ssd_config": [],
                    "fast_socket": [],
                    "gcfs_config": [],
                    "guest_accelerator": [],
                    "gvnic": [],
                    "host_maintenance_policy": [],
                    "image_type": "COS_CONTAINERD",
                    "kubelet_config": [
                      {
                        "cpu_cfs_quota": false,
                        "cpu_cfs_quota_period": "",
                        "cpu_manager_policy": "",
                        "insecure_kubelet_readonly_port_enabled": "FALSE",
                        "pod_pids_limit": 0
                      }
                    ],
                    "labels": {
                      "environment": "production"
                    },
                    "linux_node_config": [],
                    "local_nvme_ssd_block_config": [],
                    "local_ssd_count": 0,
                    "logging_variant": "DEFAULT",
                    "machine_type": "e2-small",
                    "metadata": {
                      "disable-legacy-endpoints": "true"
                    },
                    "min_cpu_platform": "",
                    "node_group": "",
                    "oauth_scopes": [
                      "https://www.googleapis.com/auth/cloud-platform"
                    ],
                    "preemptible": true,
                    "reservation_affinity": [],
                    "resource_labels": {
                      "goog-gke-node-pool-provisioning-model": "spot"
                    },
                    "resource_manager_tags": {},
                    "secondary_boot_disks": [],
                    "service_account": "bookshelf-mvp-gke-sa@jack-snyk-demo.iam.gserviceaccount.com",
                    "shielded_instance_config": [
                      {
                        "enable_integrity_monitoring": true,
                        "enable_secure_boot": false
                      }
                    ],
                    "sole_tenant_config": [],
                    "spot": false,
                    "tags": [
                      "bookshelf-mvp"
                    ],
                    "taint": [],
                    "workload_metadata_config": []
                  }
                ],
                "node_count": 1,
                "node_locations": [
                  "us-central1-a",
                  "us-central1-b",
                  "us-central1-c"
                ],
                "placement_policy": [],
                "queued_provisioning": [],
                "upgrade_settings": [
                  {
                    "blue_green_settings": [],
                    "max_surge": 1,
                    "max_unavailable": 0,
                    "strategy": "SURGE"
                  }
                ],
                "version": "1.33.4-gke.1036000"
              }
            ],
            "node_pool_auto_config": [
              {
                "network_tags": [],
                "node_kubelet_config": [
                  {
                    "insecure_kubelet_readonly_port_enabled": "FALSE"
                  }
                ],
                "resource_manager_tags": {}
              }
            ],
            "node_pool_defaults": [
              {
                "node_config_defaults": [
                  {
                    "containerd_config": [],
                    "insecure_kubelet_readonly_port_enabled": "FALSE",
                    "logging_variant": "DEFAULT"
                  }
                ]
              }
            ],
            "node_version": "1.33.4-gke.1036000",
            "notification_config": [
              {
                "pubsub": [
                  {
                    "enabled": false,
                    "filter": [],
                    "topic": ""
                  }
                ]
              }
            ],
            "operation": null,
            "private_cluster_config": [
              {
                "enable_private_endpoint": false,
                "enable_private_nodes": false,
                "master_global_access_config": [
                  {
                    "enabled": false
                  }
                ],
                "master_ipv4_cidr_block": "",
                "peering_name": "",
                "private_endpoint": "10.0.0.2",
                "private_endpoint_subnetwork": "",
                "public_endpoint": "34.16.105.4"
              }
            ],
            "private_ipv6_google_access": "",
            "project": "jack-snyk-demo",
            "release_channel": [
              {
                "channel": "REGULAR"
              }
            ],
            "remove_default_node_pool": true,
            "resource_labels": {},
            "resource_usage_export_config": [],
            "security_posture_config": [
              {
                "mode": "BASIC",
                "vulnerability_mode": "VULNERABILITY_MODE_UNSPECIFIED"
              }
            ],
            "self_link": "https://container.googleapis.com/v1/projects/jack-snyk-demo/locations/us-central1/clusters/bookshelf-mvp-cluster",
            "service_external_ips_config": [
              {
                "enabled": false
              }
            ],
            "services_ipv4_cidr": "10.2.0.0/16",
            "subnetwork": "projects/jack-snyk-demo/regions/us-central1/subnetworks/bookshelf-mvp-subnet",
            "timeouts": null,
            "tpu_ipv4_cidr_block": "",
            "vertical_pod_autoscaling": [],
            "workload_identity_config": []
          },
          "sensitive_attributes": [],
          "private": "eyJlMmJmYjczMC1lY2FhLTExZTYtOGY4OC0zNDM2M2JjN2M0YzAiOnsiY3JlYXRlIjoyNDAwMDAwMDAwMDAwLCJkZWxldGUiOjI0MDAwMDAwMDAwMDAsInJlYWQiOjI0MDAwMDAwMDAwMDAsInVwZGF0ZSI6MzYwMDAwMDAwMDAwMH0sInNjaGVtYV92ZXJzaW9uIjoiMiJ9",
          "dependencies": [
            "google_compute_network.bookshelf_vpc",
            "google_compute_subnetwork.bookshelf_subnet",
            "google_project_service.compute_api",
            "google_project_service.container_api"
          ]
        }
      ]
    },
    {
      "mode": "managed",
      "type": "google_project_iam_member",
      "name": "artifact_registry_writer",
      "provider": "provider[\"registry.terraform.io/hashicorp/google\"]",
      "instances": [
        {
          "schema_version": 0,
          "attributes": {
            "condition": [],
            "etag": "BwY+2UrHP80=",
            "id": "jack-snyk-demo/roles/artifactregistry.writer/serviceAccount:bookshelf-mvp-gke-sa@jack-snyk-demo.iam.gserviceaccount.com",
            "member": "serviceAccount:bookshelf-mvp-gke-sa@jack-snyk-demo.iam.gserviceaccount.com",
            "project": "jack-snyk-demo",
            "role": "roles/artifactregistry.writer"
          },
          "sensitive_attributes": [],
          "private": "bnVsbA==",
          "dependencies": [
            "google_service_account.gke_service_account"
          ]
        }
      ]
    },
    {
      "mode": "managed",
      "type": "google_project_iam_member",
      "name": "container_registry_admin",
      "provider": "provider[\"registry.terraform.io/hashicorp/google\"]",
      "instances": [
        {
          "schema_version": 0,
          "attributes": {
            "condition": [],
            "etag": "BwY+2UrHP80=",
            "id": "jack-snyk-demo/roles/storage.admin/serviceAccount:bookshelf-mvp-gke-sa@jack-snyk-demo.iam.gserviceaccount.com",
            "member": "serviceAccount:bookshelf-mvp-gke-sa@jack-snyk-demo.iam.gserviceaccount.com",
            "project": "jack-snyk-demo",
            "role": "roles/storage.admin"
          },
          "sensitive_attributes": [],
          "private": "bnVsbA==",
          "dependencies": [
            "google_service_account.gke_service_account"
          ]
        }
      ]
    },
    {
      "mode": "managed",
      "type": "google_project_iam_member",
      "name": "gke_service_account_roles",
      "provider": "provider[\"registry.terraform.io/hashicorp/google\"]",
      "instances": [
        {
          "index_key": "roles/logging.logWriter",
          "schema_version": 0,
          "attributes": {
            "condition": [],
            "etag": "BwY+2UrHP80=",
            "id": "jack-snyk-demo/roles/logging.logWriter/serviceAccount:bookshelf-mvp-gke-sa@jack-snyk-demo.iam.gserviceaccount.com",
            "member": "serviceAccount:bookshelf-mvp-gke-sa@jack-snyk-demo.iam.gserviceaccount.com",
            "project": "jack-snyk-demo",
            "role": "roles/logging.logWriter"
          },
          "sensitive_attributes": [],
          "private": "bnVsbA==",
          "dependencies": [
            "google_service_account.gke_service_account"
          ]
        },
        {
          "index_key": "roles/monitoring.metricWriter",
          "schema_version": 0,
          "attributes": {
            "condition": [],
            "etag": "BwY+2UrHP80=",
            "id": "jack-snyk-demo/roles/monitoring.metricWriter/serviceAccount:bookshelf-mvp-gke-sa@jack-snyk-demo.iam.gserviceaccount.com",
            "member": "serviceAccount:bookshelf-mvp-gke-sa@jack-snyk-demo.iam.gserviceaccount.com",
            "project": "jack-snyk-demo",
            "role": "roles/monitoring.metricWriter"
          },
          "sensitive_attributes": [],
          "private": "bnVsbA==",
          "dependencies": [
            "google_service_account.gke_service_account"
          ]
        },
        {
          "index_key": "roles/monitoring.viewer",
          "schema_version": 0,
          "attributes": {
            "condition": [],
            "etag": "BwY+2UrHP80=",
            "id": "jack-snyk-demo/roles/monitoring.viewer/serviceAccount:bookshelf-mvp-gke-sa@jack-snyk-demo.iam.gserviceaccount.com",
            "member": "serviceAccount:bookshelf-mvp-gke-sa@jack-snyk-demo.iam.gserviceaccount.com",
            "project": "jack-snyk-demo",
            "role": "roles/monitoring.viewer"
          },
          "sensitive_attributes": [],
          "private": "bnVsbA==",
          "dependencies": [
            "google_service_account.gke_service_account"
          ]
        },
        {
          "index_key": "roles/stackdriver.resourceMetadata.writer",
          "schema_version": 0,
          "attributes": {
            "condition": [],
            "etag": "BwY+2UrHP80=",
            "id": "jack-snyk-demo/roles/stackdriver.resourceMetadata.writer/serviceAccount:bookshelf-mvp-gke-sa@jack-snyk-demo.iam.gserviceaccount.com",
            "member": "serviceAccount:bookshelf-mvp-gke-sa@jack-snyk-demo.iam.gserviceaccount.com",
            "project": "jack-snyk-demo",
            "role": "roles/stackdriver.resourceMetadata.writer"
          },
          "sensitive_attributes": [],
          "private": "bnVsbA==",
          "dependencies": [
            "google_service_account.gke_service_account"
          ]
        }
      ]
    },
    {
      "mode": "managed",
      "type": "google_project_service",
      "name": "artifact_registry_api",
      "provider": "provider[\"registry.terraform.io/hashicorp/google\"]",
      "instances": [
        {
          "schema_version": 0,
          "attributes": {
            "disable_dependent_services": null,
            "disable_on_destroy": true,
            "id": "jack-snyk-demo/artifactregistry.googleapis.com",
            "project": "jack-snyk-demo",
            "service": "artifactregistry.googleapis.com",
            "timeouts": null
          },
          "sensitive_attributes": [],
          "private": "eyJlMmJmYjczMC1lY2FhLTExZTYtOGY4OC0zNDM2M2JjN2M0YzAiOnsiY3JlYXRlIjoxMjAwMDAwMDAwMDAwLCJkZWxldGUiOjEyMDAwMDAwMDAwMDAsInJlYWQiOjYwMDAwMDAwMDAwMCwidXBkYXRlIjoxMjAwMDAwMDAwMDAwfX0="
        }
      ]
    },
    {
      "mode": "managed",
      "type": "google_project_service",
      "name": "compute_api",
      "provider": "provider[\"registry.terraform.io/hashicorp/google\"]",
      "instances": [
        {
          "schema_version": 0,
          "attributes": {
            "disable_dependent_services": null,
            "disable_on_destroy": true,
            "id": "jack-snyk-demo/compute.googleapis.com",
            "project": "jack-snyk-demo",
            "service": "compute.googleapis.com",
            "timeouts": null
          },
          "sensitive_attributes": [],
          "private": "eyJlMmJmYjczMC1lY2FhLTExZTYtOGY4OC0zNDM2M2JjN2M0YzAiOnsiY3JlYXRlIjoxMjAwMDAwMDAwMDAwLCJkZWxldGUiOjEyMDAwMDAwMDAwMDAsInJlYWQiOjYwMDAwMDAwMDAwMCwidXBkYXRlIjoxMjAwMDAwMDAwMDAwfX0="
        }
      ]
    },
    {
      "mode": "managed",
      "type": "google_project_service",
      "name": "container_api",
      "provider": "provider[\"registry.terraform.io/hashicorp/google\"]",
      "instances": [
        {
          "schema_version": 0,
          "attributes": {
            "disable_dependent_services": null,
            "disable_on_destroy": true,
            "id": "jack-snyk-demo/container.googleapis.com",
            "project": "jack-snyk-demo",
            "service": "container.googleapis.com",
            "timeouts": null
          },
          "sensitive_attributes": [],
          "private": "eyJlMmJmYjczMC1lY2FhLTExZTYtOGY4OC0zNDM2M2JjN2M0YzAiOnsiY3JlYXRlIjoxMjAwMDAwMDAwMDAwLCJkZWxldGUiOjEyMDAwMDAwMDAwMDAsInJlYWQiOjYwMDAwMDAwMDAwMCwidXBkYXRlIjoxMjAwMDAwMDAwMDAwfX0="
        }
      ]
    },
    {
      "mode": "managed",
      "type": "google_project_service",
      "name": "sql_api",
      "provider": "provider[\"registry.terraform.io/hashicorp/google\"]",
      "instances": [
        {
          "schema_version": 0,
          "attributes": {
            "disable_dependent_services": null,
            "disable_on_destroy": true,
            "id": "jack-snyk-demo/sqladmin.googleapis.com",
            "project": "jack-snyk-demo",
            "service": "sqladmin.googleapis.com",
            "timeouts": null
          },
          "sensitive_attributes": [],
          "private": "eyJlMmJmYjczMC1lY2FhLTExZTYtOGY4OC0zNDM2M2JjN2M0YzAiOnsiY3JlYXRlIjoxMjAwMDAwMDAwMDAwLCJkZWxldGUiOjEyMDAwMDAwMDAwMDAsInJlYWQiOjYwMDAwMDAwMDAwMCwidXBkYXRlIjoxMjAwMDAwMDAwMDAwfX0="
        }
      ]
    },
    {
      "mode": "managed",
      "type": "google_service_account",
      "name": "gke_service_account",
      "provider": "provider[\"registry.terraform.io/hashicorp/google\"]",
      "instances": [
        {
          "schema_version": 0,
          "attributes": {
            "account_id": "bookshelf-mvp-gke-sa",
            "create_ignore_already_exists": null,
            "description": "",
            "disabled": false,
            "display_name": "GKE Service Account for bookshelf-mvp",
            "email": "bookshelf-mvp-gke-sa@jack-snyk-demo.iam.gserviceaccount.com",
            "id": "projects/jack-snyk-demo/serviceAccounts/bookshelf-mvp-gke-sa@jack-snyk-demo.iam.gserviceaccount.com",
            "member": "serviceAccount:bookshelf-mvp-gke-sa@jack-snyk-demo.iam.gserviceaccount.com",
            "name": "projects/jack-snyk-demo/serviceAccounts/bookshelf-mvp-gke-sa@jack-snyk-demo.iam.gserviceaccount.com",
            "project": "jack-snyk-demo",
            "timeouts": null,
            "unique_id": "118311753590000526138"
          },
          "sensitive_attributes": [],
          "private": "eyJlMmJmYjczMC1lY2FhLTExZTYtOGY4OC0zNDM2M2JjN2M0YzAiOnsiY3JlYXRlIjozMDAwMDAwMDAwMDB9LCJzY2hlbWFfdmVyc2lvbiI6IjAifQ=="
        }
      ]
    },
    {
      "mode": "managed",
      "type": "google_service_networking_connection",
      "name": "private_vpc_connection",
      "provider": "provider[\"registry.terraform.io/hashicorp/google\"]",
      "instances": [
        {
          "schema_version": 0,
          "attributes": {
            "deletion_policy": null,
            "id": "projects%2Fjack-snyk-demo%2Fglobal%2Fnetworks%2Fbookshelf-mvp-vpc:servicenetworking.googleapis.com",
            "network": "projects/jack-snyk-demo/global/networks/bookshelf-mvp-vpc",
            "peering": "servicenetworking-googleapis-com",
            "reserved_peering_ranges": [
              "bookshelf-private-ip"
            ],
            "service": "servicenetworking.googleapis.com",
            "timeouts": null,
            "update_on_creation_fail": null
          },
          "sensitive_attributes": [],
          "private": "eyJlMmJmYjczMC1lY2FhLTExZTYtOGY4OC0zNDM2M2JjN2M0YzAiOnsiY3JlYXRlIjo2MDAwMDAwMDAwMDAsImRlbGV0ZSI6NjAwMDAwMDAwMDAwLCJ1cGRhdGUiOjYwMDAwMDAwMDAwMH19",
          "dependencies": [
            "google_compute_global_address.private_ip_alloc",
            "google_compute_network.bookshelf_vpc",
            "google_project_service.sql_api"
          ]
        }
      ]
    },
    {
      "mode": "managed",
      "type": "google_sql_database",
      "name": "bookshelf",
      "provider": "provider[\"registry.terraform.io/hashicorp/google\"]",
      "instances": []
    },
    {
      "mode": "managed",
      "type": "google_sql_database_instance",
      "name": "bookshelf_db",
      "provider": "provider[\"registry.terraform.io/hashicorp/google\"]",
      "instances": [
        {
          "schema_version": 0,
          "attributes": {
            "available_maintenance_versions": [],
            "clone": [],
            "connection_name": "jack-snyk-demo:us-central1:bookshelf-mvp-db",
            "database_version": "POSTGRES_14",
            "deletion_protection": false,
            "dns_name": "",
            "encryption_key_name": null,
            "first_ip_address": "34.31.214.193",
            "id": "bookshelf-mvp-db",
            "instance_type": "CLOUD_SQL_INSTANCE",
            "ip_address": [
              {
                "ip_address": "34.31.214.193",
                "time_to_retire": "",
                "type": "PRIMARY"
              },
              {
                "ip_address": "34.57.155.62",
                "time_to_retire": "",
                "type": "OUTGOING"
              },
              {
                "ip_address": "172.22.0.3",
                "time_to_retire": "",
                "type": "PRIVATE"
              }
            ],
            "maintenance_version": "POSTGRES_14_19.R20250727.00_23",
            "master_instance_name": "",
            "name": "bookshelf-mvp-db",
            "private_ip_address": "172.22.0.3",
            "project": "jack-snyk-demo",
            "psc_service_attachment_link": "",
            "public_ip_address": "34.31.214.193",
            "region": "us-central1",
            "replica_configuration": [],
            "restore_backup_context": [],
            "root_password": null,
            "self_link": "https://sqladmin.googleapis.com/sql/v1beta4/projects/jack-snyk-demo/instances/bookshelf-mvp-db",
            "server_ca_cert": [
              {
                "cert": "-----BEGIN CERTIFICATE-----\nMIIDfzCCAmegAwIBAgIBADANBgkqhkiG9w0BAQsFADB3MS0wKwYDVQQuEyRlYWEy\nYmY3YS0zZWM4LTQ4MmEtOTNlYy00NzFiNzZiN2Y1MzcxIzAhBgNVBAMTGkdvb2ds\nZSBDbG91ZCBTUUwgU2VydmVyIENBMRQwEgYDVQQKEwtHb29nbGUsIEluYzELMAkG\nA1UEBhMCVVMwHhcNMjUwOTE1MTYxODIwWhcNMzUwOTEzMTYxOTIwWjB3MS0wKwYD\nVQQuEyRlYWEyYmY3YS0zZWM4LTQ4MmEtOTNlYy00NzFiNzZiN2Y1MzcxIzAhBgNV\nBAMTGkdvb2dsZSBDbG91ZCBTUUwgU2VydmVyIENBMRQwEgYDVQQKEwtHb29nbGUs\nIEluYzELMAkGA1UEBhMCVVMwggEiMA0GCSqGSIb3DQEBAQUAA4IBDwAwggEKAoIB\nAQCoeX+NyEqySawJvPoWGs958LM7zAQngzFUxtxI5VuHcEruJjaqClUluaXahp7h\nHR/iItAMHuN1uDbhEA7GkZNokPSeI3blBNMAL/7rbaLnlQqN//U405fwdtOgsbdv\nhE1qwu8OjCt+M2lL59P8ZM5to/vsbPlXz0joC6gFHUyN0Obig0sg1B/mJxRwCLFJ\niYoK+ZQ4RcPWFIMlYUerWaJfJhXJ7iSZO0rqEaga+XrVyS0UZxzqsZU0PzyemGxb\n677oMBf5mwBmeATsapX9f4v+zTEjuAcu9pVnqD4WO0FRND7xcrGgo7qAdFophOYh\nGj3n0Vfj5kcakAm3OhUwR9LNAgMBAAGjFjAUMBIGA1UdEwEB/wQIMAYBAf8CAQAw\nDQYJKoZIhvcNAQELBQADggEBAC0/GtC5F+yzPR7gsqVsnX5di8S/ZszWyfIELzQ5\nYJjzN0p6Xalbu+Vl0yoD4AZrYhikkUOeKSoUq8TwAV+x7KWz7SOzH3A+Z2778snc\nKLm/42M5L5kOstOef5Dct9lP0yCHm1j4xqtZlMbG6fN97k7mY6V7ApxbFLmSoWyM\n6CMgnSWW2eXkQFqL9/mXfyQy+3NQZBI6Y5Uh7HRmcgpnZ6nRXFUNUuj+9Nwo2VLO\nmZyYo3z8EU0KPzBVwEzQAjK/TAzjlombNiJz/m5nDd/5EOW9oqlXFisQ9kSNDxuT\n9+R4hUxEzFQinMZG1uWpi0XZiYXCSbjae1oGnPWd3cdEpqw=\n-----END CERTIFICATE-----",
                "common_name": "C=US,O=Google\\, Inc,CN=Google Cloud SQL Server CA,dnQualifier=eaa2bf7a-3ec8-482a-93ec-471b76b7f537",
                "create_time": "2025-09-15T16:18:20.756Z",
                "expiration_time": "2035-09-13T16:19:20.756Z",
                "sha1_fingerprint": "ab12145bb5df2a8f7d316814bfb6a009ce60928c"
              }
            ],
            "service_account_email_address": "p712903731492-427wnw@gcp-sa-cloud-sql.iam.gserviceaccount.com",
            "settings": [
              {
                "activation_policy": "ALWAYS",
                "active_directory_config": [],
                "advanced_machine_features": [],
                "availability_type": "ZONAL",
                "backup_configuration": [
                  {
                    "backup_retention_settings": [
                      {
                        "retained_backups": 7,
                        "retention_unit": "COUNT"
                      }
                    ],
                    "binary_log_enabled": false,
                    "enabled": true,
                    "location": "",
                    "point_in_time_recovery_enabled": true,
                    "start_time": "02:00",
                    "transaction_log_retention_days": 7
                  }
                ],
                "collation": "",
                "connector_enforcement": "NOT_REQUIRED",
                "data_cache_config": [],
                "database_flags": [
                  {
                    "name": "max_connections",
                    "value": "100"
                  }
                ],
                "deletion_protection_enabled": false,
                "deny_maintenance_period": [],
                "disk_autoresize": true,
                "disk_autoresize_limit": 0,
                "disk_size": 10,
                "disk_type": "PD_SSD",
                "edition": "ENTERPRISE",
                "enable_dataplex_integration": false,
                "enable_google_ml_integration": false,
                "insights_config": [],
                "ip_configuration": [
                  {
                    "allocated_ip_range": "",
                    "authorized_networks": [],
                    "enable_private_path_for_google_cloud_services": false,
                    "ipv4_enabled": true,
                    "private_network": "projects/jack-snyk-demo/global/networks/bookshelf-mvp-vpc",
                    "psc_config": [],
                    "require_ssl": false,
                    "server_ca_mode": "GOOGLE_MANAGED_INTERNAL_CA",
                    "ssl_mode": ""
                  }
                ],
                "location_preference": [
                  {
                    "follow_gae_application": "",
                    "secondary_zone": "",
                    "zone": "us-central1-a"
                  }
                ],
                "maintenance_window": [],
                "password_validation_policy": [],
                "pricing_plan": "PER_USE",
                "sql_server_audit_config": [],
                "tier": "db-f1-micro",
                "time_zone": "",
                "user_labels": {},
                "version": 0
              }
            ],
            "timeouts": null
          },
          "sensitive_attributes": [],
          "private": "eyJlMmJmYjczMC1lY2FhLTExZTYtOGY4OC0zNDM2M2JjN2M0YzAiOnsiY3JlYXRlIjo1NDAwMDAwMDAwMDAwLCJkZWxldGUiOjU0MDAwMDAwMDAwMDAsInVwZGF0ZSI6NTQwMDAwMDAwMDAwMH19",
          "dependencies": [
            "google_compute_network.bookshelf_vpc",
            "google_project_service.sql_api",
            "google_service_networking_connection.private_vpc_connection"
          ]
        }
      ]
    },
    {
      "mode": "managed",
      "type": "google_sql_user",
      "name": "bookshelf_user",
      "provider": "provider[\"registry.terraform.io/hashicorp/google\"]",
      "instances": []
    }
  ],
  "check_results": null
}
